
Microsoft Visual Studio Solution File, Format Version 12.00
# Visual Studio Version 16
VisualStudioVersion = 16.0.30907.101
MinimumVisualStudioVersion = 10.0.40219.1
Project("{FAE04EC0-301F-11D3-BF4B-00C04F79EFBC}") = "ProjectCosmo", "ProjectCosmo\ProjectCosmo.csproj", "{5D7D0634-3127-4AD6-A9EF-50DAD1D10498}"
EndProject
Global
	GlobalSection(SolutionConfigurationPlatforms) = preSolution
		Debug|Any CPU = Debug|Any CPU
		Release|Any CPU = Release|Any CPU
	EndGlobalSection
	GlobalSection(ProjectConfigurationPlatforms) = postSolution
		{5D7D0634-3127-4AD6-A9EF-50DAD1D10498}.Debug|Any CPU.ActiveCfg = Debug|Any CPU
		{5D7D0634-3127-4AD6-A9EF-50DAD1D10498}.Debug|Any CPU.Build.0 = Debug|Any CPU
		{5D7D0634-3127-4AD6-A9EF-50DAD1D10498}.Release|Any CPU.ActiveCfg = Release|Any CPU
		{5D7D0634-3127-4AD6-A9EF-50DAD1D10498}.Release|Any CPU.Build.0 = Release|Any CPU
	EndGlobalSection
	GlobalSection(SolutionProperties) = preSolution
		HideSolutionNode = FALSE
	EndGlobalSection
	GlobalSection(ExtensibilityGlobals) = postSolution
		SolutionGuid = {69027CC5-9872-492D-B8E4-9C254987F362}
	EndGlobalSection
EndGlobal
